{
    "name": "hardhat-project",
    "version": "1.0.0",
    "description": "Projeto Hardhat para implantar contratos inteligentes",
    "main": "index.js",
    "scripts": {
        "compile": "hardhat compile",
        "deploy": "hardhat run scripts/deploy.js --network ganache",
        "test": "hardhat test"
    },
    "keywords": [
        "hardhat",
        "ethereum",
        "smart-contracts",
        "blockchain"
    ],
    "author": "Gianluca",
    "license": "MIT",
    "dependencies": {
        "@nomiclabs/hardhat-waffle": "^2.0.0",
        "chai": "^4.3.4",
        "dotenv": "^16.0.3",
        "ethers": "^5.7.2"
    },
    "devDependencies": {
        "hardhat": "^2.22.15"
    }
}
